// !$*UTF8*$!
{
	archiveVersion = 1;
	classes = {
	};
	objectVersion = 55;
	objects = {

/* Begin PBXBuildFile section */
		A61676BA280E7B1A003C8D9E /* AppDelegate.m in Sources */ = {isa = PBXBuildFile; fileRef = A61676B9280E7B1A003C8D9E /* AppDelegate.m */; };
		A61676BD280E7B1A003C8D9E /* SceneDelegate.m in Sources */ = {isa = PBXBuildFile; fileRef = A61676BC280E7B1A003C8D9E /* SceneDelegate.m */; };
		A61676C0280E7B1A003C8D9E /* ViewController.m in Sources */ = {isa = PBXBuildFile; fileRef = A61676BF280E7B1A003C8D9E /* ViewController.m */; };
		A61676C3280E7B1A003C8D9E /* Main.storyboard in Resources */ = {isa = PBXBuildFile; fileRef = A61676C1280E7B1A003C8D9E /* Main.storyboard */; };
		A61676C5280E7B1C003C8D9E /* Assets.xcassets in Resources */ = {isa = PBXBuildFile; fileRef = A61676C4280E7B1C003C8D9E /* Assets.xcassets */; };
		A61676C8280E7B1C003C8D9E /* LaunchScreen.storyboard in Resources */ = {isa = PBXBuildFile; fileRef = A61676C6280E7B1C003C8D9E /* LaunchScreen.storyboard */; };
		A61676CB280E7B1C003C8D9E /* main.m in Sources */ = {isa = PBXBuildFile; fileRef = A61676CA280E7B1C003C8D9E /* main.m */; };
		A61676D5280E7B73003C8D9E /* Book.m in Sources */ = {isa = PBXBuildFile; fileRef = A61676D2280E7B72003C8D9E /* Book.m */; };
		A61676D6280E7B73003C8D9E /* BookManager.m in Sources */ = {isa = PBXBuildFile; fileRef = A61676D4280E7B73003C8D9E /* BookManager.m */; };
/* End PBXBuildFile section */

/* Begin PBXFileReference section */
		A61676B5280E7B1A003C8D9E /* VisualBook.app */ = {isa = PBXFileReference; explicitFileType = wrapper.application; includeInIndex = 0; path = VisualBook.app; sourceTree = BUILT_PRODUCTS_DIR; };
		A61676B8280E7B1A003C8D9E /* AppDelegate.h */ = {isa = PBXFileReference; lastKnownFileType = sourcecode.c.h; path = AppDelegate.h; sourceTree = "<group>"; };
		A61676B9280E7B1A003C8D9E /* AppDelegate.m */ = {isa = PBXFileReference; lastKnownFileType = sourcecode.c.objc; path = AppDelegate.m; sourceTree = "<group>"; };
		A61676BB280E7B1A003C8D9E /* SceneDelegate.h */ = {isa = PBXFileReference; lastKnownFileType = sourcecode.c.h; path = SceneDelegate.h; sourceTree = "<group>"; };
		A61676BC280E7B1A003C8D9E /* SceneDelegate.m */ = {isa = PBXFileReference; lastKnownFileType = sourcecode.c.objc; path = SceneDelegate.m; sourceTree = "<group>"; };
		A61676BE280E7B1A003C8D9E /* ViewController.h */ = {isa = PBXFileReference; lastKnownFileType = sourcecode.c.h; path = ViewController.h; sourceTree = "<group>"; };
		A61676BF280E7B1A003C8D9E /* ViewController.m */ = {isa = PBXFileReference; lastKnownFileType = sourcecode.c.objc; path = ViewController.m; sourceTree = "<group>"; };
		A61676C2280E7B1A003C8D9E /* Base */ = {isa = PBXFileReference; lastKnownFileType = file.storyboard; name = Base; path = Base.lproj/Main.storyboard; sourceTree = "<group>"; };
		A61676C4280E7B1C003C8D9E /* Assets.xcassets */ = {isa = PBXFileReference; lastKnownFileType = folder.assetcatalog; path = Assets.xcassets; sourceTree = "<group>"; };
		A61676C7280E7B1C003C8D9E /* Base */ = {isa = PBXFileReference; lastKnownFileType = file.storyboard; name = Base; path = Base.lproj/LaunchScreen.storyboard; sourceTree = "<group>"; };
		A61676C9280E7B1C003C8D9E /* Info.plist */ = {isa = PBXFileReference; lastKnownFileType = text.plist.xml; path = Info.plist; sourceTree = "<group>"; };
		A61676CA280E7B1C003C8D9E /* main.m */ = {isa = PBXFileReference; lastKnownFileType = sourcecode.c.objc; path = main.m; sourceTree = "<group>"; };
		A61676D1280E7B72003C8D9E /* Book.h */ = {isa = PBXFileReference; fileEncoding = 4; lastKnownFileType = sourcecode.c.h; name = Book.h; path = ../../ObjectCBookManageConsole/ObjectCBookManageConsole/Book.h; sourceTree = "<group>"; };
		A61676D2280E7B72003C8D9E /* Book.m */ = {isa = PBXFileReference; fileEncoding = 4; lastKnownFileType = sourcecode.c.objc; name = Book.m; path = ../../ObjectCBookManageConsole/ObjectCBookManageConsole/Book.m; sourceTree = "<group>"; };
		A61676D3280E7B73003C8D9E /* BookManager.h */ = {isa = PBXFileReference; fileEncoding = 4; lastKnownFileType = sourcecode.c.h; name = BookManager.h; path = ../../ObjectCBookManageConsole/ObjectCBookManageConsole/BookManager.h; sourceTree = "<group>"; };
		A61676D4280E7B73003C8D9E /* BookManager.m */ = {isa = PBXFileReference; fileEncoding = 4; lastKnownFileType = sourcecode.c.objc; name = BookManager.m; path = ../../ObjectCBookManageConsole/ObjectCBookManageConsole/BookManager.m; sourceTree = "<group>"; };
/* End PBXFileReference section */

/* Begin PBXFrameworksBuildPhase section */
		A61676B2280E7B1A003C8D9E /* Frameworks */ = {
			isa = PBXFrameworksBuildPhase;
			buildActionMask = 2147483647;
			files = (
			);
			runOnlyForDeploymentPostprocessing = 0;
		};
/* End PBXFrameworksBuildPhase section */

/* Begin PBXGroup section */
		A61676AC280E7B1A003C8D9E = {
			isa = PBXGroup;
			children = (
				A61676B7280E7B1A003C8D9E /* VisualBook */,
				A61676B6280E7B1A003C8D9E /* Products */,
			);
			sourceTree = "<group>";
		};
		A61676B6280E7B1A003C8D9E /* Products */ = {
			isa = PBXGroup;
			children = (
				A61676B5280E7B1A003C8D9E /* VisualBook.app */,
			);
			name = Products;
			sourceTree = "<group>";
		};
		A61676B7280E7B1A003C8D9E /* VisualBook */ = {
			isa = PBXGroup;
			children = (
				A61676D1280E7B72003C8D9E /* Book.h */,
				A61676D2280E7B72003C8D9E /* Book.m */,
				A61676D3280E7B73003C8D9E /* BookManager.h */,
				A61676D4280E7B73003C8D9E /* BookManager.m */,
				A61676B8280E7B1A003C8D9E /* AppDelegate.h */,
				A61676B9280E7B1A003C8D9E /* AppDelegate.m */,
				A61676BB280E7B1A003C8D9E /* SceneDelegate.h */,
				A61676BC280E7B1A003C8D9E /* SceneDelegate.m */,
				A61676BE280E7B1A003C8D9E /* ViewController.h */,
				A61676BF280E7B1A003C8D9E /* ViewController.m */,
				A61676C1280E7B1A003C8D9E /* Main.storyboard */,
				A61676C4280E7B1C003C8D9E /* Assets.xcassets */,
				A61676C6280E7B1C003C8D9E /* LaunchScreen.storyboard */,
				A61676C9280E7B1C003C8D9E /* Info.plist */,
				A61676CA280E7B1C003C8D9E /* main.m */,
			);
			path = VisualBook;
			sourceTree = "<group>";
		};
/* End PBXGroup section */

/* Begin PBXNativeTarget section */
		A61676B4280E7B1A003C8D9E /* VisualBook */ = {
			isa = PBXNativeTarget;
			buildConfigurationList = A61676CE280E7B1C003C8D9E /* Build configuration list for PBXNativeTarget "VisualBook" */;
			buildPhases = (
				A61676B1280E7B1A003C8D9E /* Sources */,
				A61676B2280E7B1A003C8D9E /* Frameworks */,
				A61676B3280E7B1A003C8D9E /* Resources */,
			);
			buildRules = (
			);
			dependencies = (
			);
			name = VisualBook;
			productName = VisualBook;
			productReference = A61676B5280E7B1A003C8D9E /* VisualBook.app */;
			productType = "com.apple.product-type.application";
		};
/* End PBXNativeTarget section */

/* Begin PBXProject section */
		A61676AD280E7B1A003C8D9E /* Project object */ = {
			isa = PBXProject;
			attributes = {
				BuildIndependentTargetsInParallel = 1;
				LastUpgradeCheck = 1330;
				TargetAttributes = {
					A61676B4280E7B1A003C8D9E = {
						CreatedOnToolsVersion = 13.3;
					};
				};
			};
			buildConfigurationList = A61676B0280E7B1A003C8D9E /* Build configuration list for PBXProject "VisualBook" */;
			compatibilityVersion = "Xcode 13.0";
			developmentRegion = en;
			hasScannedForEncodings = 0;
			knownRegions = (
				en,
				Base,
			);
			mainGroup = A61676AC280E7B1A003C8D9E;
			productRefGroup = A61676B6280E7B1A003C8D9E /* Products */;
			projectDirPath = "";
			projectRoot = "";
			targets = (
				A61676B4280E7B1A003C8D9E /* VisualBook */,
			);
		};
/* End PBXProject section */

/* Begin PBXResourcesBuildPhase section */
		A61676B3280E7B1A003C8D9E /* Resources */ = {
			isa = PBXResourcesBuildPhase;
			buildActionMask = 2147483647;
			files = (
				A61676C8280E7B1C003C8D9E /* LaunchScreen.storyboard in Resources */,
				A61676C5280E7B1C003C8D9E /* Assets.xcassets in Resources */,
				A61676C3280E7B1A003C8D9E /* Main.storyboard in Resources */,
			);
			runOnlyForDeploymentPostprocessing = 0;
		};
/* End PBXResourcesBuildPhase section */

/* Begin PBXSourcesBuildPhase section */
		A61676B1280E7B1A003C8D9E /* Sources */ = {
			isa = PBXSourcesBuildPhase;
			buildActionMask = 2147483647;
			files = (
				A61676D6280E7B73003C8D9E /* BookManager.m in Sources */,
				A61676D5280E7B73003C8D9E /* Book.m in Sources */,
				A61676C0280E7B1A003C8D9E /* ViewController.m in Sources */,
				A61676BA280E7B1A003C8D9E /* AppDelegate.m in Sources */,
				A61676CB280E7B1C003C8D9E /* main.m in Sources */,
				A61676BD280E7B1A003C8D9E /* SceneDelegate.m in Sources */,
			);
			runOnlyForDeploymentPostprocessing = 0;
		};
/* End PBXSourcesBuildPhase section */

/* Begin PBXVariantGroup section */
		A61676C1280E7B1A003C8D9E /* Main.storyboard */ = {
			isa = PBXVariantGroup;
			children = (
				A61676C2280E7B1A003C8D9E /* Base */,
			);
			name = Main.storyboard;
			sourceTree = "<group>";
		};
		A61676C6280E7B1C003C8D9E /* LaunchScreen.storyboard */ = {
			isa = PBXVariantGroup;
			children = (
				A61676C7280E7B1C003C8D9E /* Base */,
			);
			name = LaunchScreen.storyboard;
			sourceTree = "<group>";
		};
/* End PBXVariantGroup section */

/* Begin XCBuildConfiguration section */
		A61676CC280E7B1C003C8D9E /* Debug */ = {
			isa = XCBuildConfiguration;
			buildSettings = {
				ALWAYS_SEARCH_USER_PATHS = NO;
				CLANG_ANALYZER_NONNULL = YES;
				CLANG_ANALYZER_NUMBER_OBJECT_CONVERSION = YES_AGGRESSIVE;
				CLANG_CXX_LANGUAGE_STANDARD = "gnu++17";
				CLANG_ENABLE_MODULES = YES;
				CLANG_ENABLE_OBJC_ARC = YES;
				CLANG_ENABLE_OBJC_WEAK = YES;
				CLANG_WARN_BLOCK_CAPTURE_AUTORELEASING = YES;
				CLANG_WARN_BOOL_CONVERSION = YES;
				CLANG_WARN_COMMA = YES;
				CLANG_WARN_CONSTANT_CONVERSION = YES;
				CLANG_WARN_DEPRECATED_OBJC_IMPLEMENTATIONS = YES;
				CLANG_WARN_DIRECT_OBJC_ISA_USAGE = YES_ERROR;
				CLANG_WARN_DOCUMENTATION_COMMENTS = YES;
				CLANG_WARN_EMPTY_BODY = YES;
				CLANG_WARN_ENUM_CONVERSION = YES;
				CLANG_WARN_INFINITE_RECURSION = YES;
				CLANG_WARN_INT_CONVERSION = YES;
				CLANG_WARN_NON_LITERAL_NULL_CONVERSION = YES;
				CLANG_WARN_OBJC_IMPLICIT_RETAIN_SELF = YES;
				CLANG_WARN_OBJC_LITERAL_CONVERSION = YES;
				CLANG_WARN_OBJC_ROOT_CLASS = YES_ERROR;
				CLANG_WARN_QUOTED_INCLUDE_IN_FRAMEWORK_HEADER = YES;
				CLANG_WARN_RANGE_LOOP_ANALYSIS = YES;
				CLANG_WARN_STRICT_PROTOTYPES = YES;
				CLANG_WARN_SUSPICIOUS_MOVE = YES;
				CLANG_WARN_UNGUARDED_AVAILABILITY = YES_AGGRESSIVE;
				CLANG_WARN_UNREACHABLE_CODE = YES;
				CLANG_WARN__DUPLICATE_METHOD_MATCH = YES;
				COPY_PHASE_STRIP = NO;
				DEBUG_INFORMATION_FORMAT = dwarf;
				ENABLE_STRICT_OBJC_MSGSEND = YES;
				ENABLE_TESTABILITY = YES;
				GCC_C_LANGUAGE_STANDARD = gnu11;
				GCC_DYNAMIC_NO_PIC = NO;
				GCC_NO_COMMON_BLOCKS = YES;
				GCC_OPTIMIZATION_LEVEL = 0;
				GCC_PREPROCESSOR_DEFINITIONS = (
					"DEBUG=1",
					"$(inherited)",
				);
				GCC_WARN_64_TO_32_BIT_CONVERSION = YES;
				GCC_WARN_ABOUT_RETURN_TYPE = YES_ERROR;
				GCC_WARN_UNDECLARED_SELECTOR = YES;
				GCC_WARN_UNINITIALIZED_AUTOS = YES_AGGRESSIVE;
				GCC_WARN_UNUSED_FUNCTION = YES;
				GCC_WARN_UNUSED_VARIABLE = YES;
				IPHONEOS_DEPLOYMENT_TARGET = 15.3;
				MTL_ENABLE_DEBUG_INFO = INCLUDE_SOURCE;
				MTL_FAST_MATH = YES;
				ONLY_ACTIVE_ARCH = YES;
				SDKROOT = iphoneos;
			};
			name = Debug;
		};
		A61676CD280E7B1C003C8D9E /* Release */ = {
			isa = XCBuildConfiguration;
			buildSettings = {
				ALWAYS_SEARCH_USER_PATHS = NO;
				CLANG_ANALYZER_NONNULL = YES;
				CLANG_ANALYZER_NUMBER_OBJECT_CONVERSION = YES_AGGRESSIVE;
				CLANG_CXX_LANGUAGE_STANDARD = "gnu++17";
				CLANG_ENABLE_MODULES = YES;
				CLANG_ENABLE_OBJC_ARC = YES;
				CLANG_ENABLE_OBJC_WEAK = YES;
				CLANG_WARN_BLOCK_CAPTURE_AUTORELEASING = YES;
				CLANG_WARN_BOOL_CONVERSION = YES;
				CLANG_WARN_COMMA = YES;
				CLANG_WARN_CONSTANT_CONVERSION = YES;
				CLANG_WARN_DEPRECATED_OBJC_IMPLEMENTATIONS = YES;
				CLANG_WARN_DIRECT_OBJC_ISA_USAGE = YES_ERROR;
				CLANG_WARN_DOCUMENTATION_COMMENTS = YES;
				CLANG_WARN_EMPTY_BODY = YES;
				CLANG_WARN_ENUM_CONVERSION = YES;
				CLANG_WARN_INFINITE_RECURSION = YES;
				CLANG_WARN_INT_CONVERSION = YES;
				CLANG_WARN_NON_LITERAL_NULL_CONVERSION = YES;
				CLANG_WARN_OBJC_IMPLICIT_RETAIN_SELF = YES;
				CLANG_WARN_OBJC_LITERAL_CONVERSION = YES;
				CLANG_WARN_OBJC_ROOT_CLASS = YES_ERROR;
				CLANG_WARN_QUOTED_INCLUDE_IN_FRAMEWORK_HEADER = YES;
				CLANG_WARN_RANGE_LOOP_ANALYSIS = YES;
				CLANG_WARN_STRICT_PROTOTYPES = YES;
				CLANG_WARN_SUSPICIOUS_MOVE = YES;
				CLANG_WARN_UNGUARDED_AVAILABILITY = YES_AGGRESSIVE;
				CLANG_WARN_UNREACHABLE_CODE = YES;
				CLANG_WARN__DUPLICATE_METHOD_MATCH = YES;
				COPY_PHASE_STRIP = NO;
				DEBUG_INFORMATION_FORMAT = "dwarf-with-dsym";
				ENABLE_NS_ASSERTIONS = NO;
				ENABLE_STRICT_OBJC_MSGSEND = YES;
				GCC_C_LANGUAGE_STANDARD = gnu11;
				GCC_NO_COMMON_BLOCKS = YES;
				GCC_WARN_64_TO_32_BIT_CONVERSION = YES;
				GCC_WARN_ABOUT_RETURN_TYPE = YES_ERROR;
				GCC_WARN_UNDECLARED_SELECTOR = YES;
				GCC_WARN_UNINITIALIZED_AUTOS = YES_AGGRESSIVE;
				GCC_WARN_UNUSED_FUNCTION = YES;
				GCC_WARN_UNUSED_VARIABLE = YES;
				IPHONEOS_DEPLOYMENT_TARGET = 15.3;
				MTL_ENABLE_DEBUG_INFO = NO;
				MTL_FAST_MATH = YES;
				SDKROOT = iphoneos;
				VALIDATE_PRODUCT = YES;
			};
			name = Release;
		};
		A61676CF280E7B1C003C8D9E /* Debug */ = {
			isa = XCBuildConfiguration;
			buildSettings = {
				ASSETCATALOG_COMPILER_APPICON_NAME = AppIcon;
				ASSETCATALOG_COMPILER_GLOBAL_ACCENT_COLOR_NAME = AccentColor;
				CODE_SIGN_STYLE = Automatic;
				CURRENT_PROJECT_VERSION = 1;
				DEVELOPMENT_TEAM = 75W6SNJ45Q;
				GENERATE_INFOPLIST_FILE = YES;
				INFOPLIST_FILE = VisualBook/Info.plist;
				INFOPLIST_KEY_UIApplicationSupportsIndirectInputEvents = YES;
				INFOPLIST_KEY_UILaunchStoryboardName = LaunchScreen;
				INFOPLIST_KEY_UIMainStoryboardFile = Main;
				INFOPLIST_KEY_UISupportedInterfaceOrientations_iPad = "UIInterfaceOrientationPortrait UIInterfaceOrientationPortraitUpsideDown UIInterfaceOrientationLandscapeLeft UIInterfaceOrientationLandscapeRight";
				INFOPLIST_KEY_UISupportedInterfaceOrientations_iPhone = "UIInterfaceOrientationPortrait UIInterfaceOrientationLandscapeLeft UIInterfaceOrientationLandscapeRight";
				LD_RUNPATH_SEARCH_PATHS = (
					"$(inherited)",
					"@executable_path/Frameworks",
				);
				MARKETING_VERSION = 1.0;
				PRODUCT_BUNDLE_IDENTIFIER = com.beintech.hwlee.VisualBook;
				PRODUCT_NAME = "$(TARGET_NAME)";
				SWIFT_EMIT_LOC_STRINGS = YES;
				TARGETED_DEVICE_FAMILY = "1,2";
			};
			name = Debug;
		};
		A61676D0280E7B1C003C8D9E /* Release */ = {
			isa = XCBuildConfiguration;
			buildSettings = {
				ASSETCATALOG_COMPILER_APPICON_NAME = AppIcon;
				ASSETCATALOG_COMPILER_GLOBAL_ACCENT_COLOR_NAME = AccentColor;
				CODE_SIGN_STYLE = Automatic;
				CURRENT_PROJECT_VERSION = 1;
				DEVELOPMENT_TEAM = 75W6SNJ45Q;
				GENERATE_INFOPLIST_FILE = YES;
				INFOPLIST_FILE = VisualBook/Info.plist;
				INFOPLIST_KEY_UIApplicationSupportsIndirectInputEvents = YES;
				INFOPLIST_KEY_UILaunchStoryboardName = LaunchScreen;
				INFOPLIST_KEY_UIMainStoryboardFile = Main;
				INFOPLIST_KEY_UISupportedInterfaceOrientations_iPad = "UIInterfaceOrientationPortrait UIInterfaceOrientationPortraitUpsideDown UIInterfaceOrientationLandscapeLeft UIInterfaceOrientationLandscapeRight";
				INFOPLIST_KEY_UISupportedInterfaceOrientations_iPhone = "UIInterfaceOrientationPortrait UIInterfaceOrientationLandscapeLeft UIInterfaceOrientationLandscapeRight";
				LD_RUNPATH_SEARCH_PATHS = (
					"$(inherited)",
					"@executable_path/Frameworks",
				);
				MARKETING_VERSION = 1.0;
				PRODUCT_BUNDLE_IDENTIFIER = com.beintech.hwlee.VisualBook;
				PRODUCT_NAME = "$(TARGET_NAME)";
				SWIFT_EMIT_LOC_STRINGS = YES;
				TARGETED_DEVICE_FAMILY = "1,2";
			};
			name = Release;
		};
/* End XCBuildConfiguration section */

/* Begin XCConfigurationList section */
		A61676B0280E7B1A003C8D9E /* Build configuration list for PBXProject "VisualBook" */ = {
			isa = XCConfigurationList;
			buildConfigurations = (
				A61676CC280E7B1C003C8D9E /* Debug */,
				A61676CD280E7B1C003C8D9E /* Release */,
			);
			defaultConfigurationIsVisible = 0;
			defaultConfigurationName = Release;
		};
		A61676CE280E7B1C003C8D9E /* Build configuration list for PBXNativeTarget "VisualBook" */ = {
			isa = XCConfigurationList;
			buildConfigurations = (
				A61676CF280E7B1C003C8D9E /* Debug */,
				A61676D0280E7B1C003C8D9E /* Release */,
			);
			defaultConfigurationIsVisible = 0;
			defaultConfigurationName = Release;
		};
/* End XCConfigurationList section */
	};
	rootObject = A61676AD280E7B1A003C8D9E /* Project object */;
}
